PODS:
  - ReactiveCocoa (4.2.1):
    - Result (~> 2.0)
  - ReactiveLocation (0.1.0):
    - ReactiveCocoa
  - Result (2.1.3)

DEPENDENCIES:
  - ReactiveLocation (from `../`)

EXTERNAL SOURCES:
  ReactiveLocation:
    :path: ../

SPEC CHECKSUMS:
  ReactiveCocoa: 5a42745f11ea236f405bb9ce5e97c5e3b23562dd
  ReactiveLocation: 1a4107c6c084b3d10ed225edfcdd031ffccd6b17
  Result: 18e1a7597fbcca5923c565b40a25a98afafdee02

PODFILE CHECKSUM: ac296a9d462dde38eb807effdd275857d50aef06

COCOAPODS: 1.0.1
