PODS:
  - ReactiveLocation (2.0.1):
    - ReactiveSwift (~> 1.0)
  - ReactiveSwift (1.0.0):
    - Result (~> 3.1)
  - Result (3.1.0)

DEPENDENCIES:
  - ReactiveLocation (from `../`)

EXTERNAL SOURCES:
  ReactiveLocation:
    :path: "../"

SPEC CHECKSUMS:
  ReactiveLocation: e1b1b3d078bf761fbaa5fa0fdbf78ddd04dc0937
  ReactiveSwift: f391724ee318a2cfd3e37dfb041cd49ecf4e7869
  Result: 4e3ed5995ed94d0cd6a09be9a431fce3f3624bbf

PODFILE CHECKSUM: ac296a9d462dde38eb807effdd275857d50aef06

COCOAPODS: 1.2.0.beta.1
