// !$*UTF8*$!
{
	archiveVersion = 1;
	classes = {
	};
	objectVersion = 48;
	objects = {

/* Begin PBXBuildFile section */
		69F73E991FF43CC200E2DD85 /* ReactiveLocation.framework in Frameworks */ = {isa = PBXBuildFile; fileRef = 69F73E8F1FF43CC200E2DD85 /* ReactiveLocation.framework */; };
		69F73E9E1FF43CC200E2DD85 /* ReactiveLocationTests.swift in Sources */ = {isa = PBXBuildFile; fileRef = 69F73E9D1FF43CC200E2DD85 /* ReactiveLocationTests.swift */; };
		69F73EA01FF43CC200E2DD85 /* ReactiveLocation.h in Headers */ = {isa = PBXBuildFile; fileRef = 69F73E921FF43CC200E2DD85 /* ReactiveLocation.h */; settings = {ATTRIBUTES = (Public, ); }; };
		69F73EAE1FF43CD500E2DD85 /* AppDelegate.swift in Sources */ = {isa = PBXBuildFile; fileRef = 69F73EAD1FF43CD500E2DD85 /* AppDelegate.swift */; };
		69F73EB01FF43CD500E2DD85 /* ViewController.swift in Sources */ = {isa = PBXBuildFile; fileRef = 69F73EAF1FF43CD500E2DD85 /* ViewController.swift */; };
		69F73EB31FF43CD500E2DD85 /* Main.storyboard in Resources */ = {isa = PBXBuildFile; fileRef = 69F73EB11FF43CD500E2DD85 /* Main.storyboard */; };
		69F73EB51FF43CD500E2DD85 /* Assets.xcassets in Resources */ = {isa = PBXBuildFile; fileRef = 69F73EB41FF43CD500E2DD85 /* Assets.xcassets */; };
		69F73EB81FF43CD500E2DD85 /* LaunchScreen.storyboard in Resources */ = {isa = PBXBuildFile; fileRef = 69F73EB61FF43CD500E2DD85 /* LaunchScreen.storyboard */; };
		69F73EC01FF43D3A00E2DD85 /* ReactiveLocationManagerDelegate.swift in Sources */ = {isa = PBXBuildFile; fileRef = 69F73EBE1FF43D3A00E2DD85 /* ReactiveLocationManagerDelegate.swift */; };
		69F73EC11FF43D3A00E2DD85 /* ReactiveLocation.swift in Sources */ = {isa = PBXBuildFile; fileRef = 69F73EBF1FF43D3A00E2DD85 /* ReactiveLocation.swift */; };
		69F73EC21FF43DDC00E2DD85 /* ReactiveLocation.framework in Frameworks */ = {isa = PBXBuildFile; fileRef = 69F73E8F1FF43CC200E2DD85 /* ReactiveLocation.framework */; };
		69F73ECB1FF43E4D00E2DD85 /* ReactiveSwift.framework in Frameworks */ = {isa = PBXBuildFile; fileRef = 69F73EC91FF43E4D00E2DD85 /* ReactiveSwift.framework */; };
		69F73ECC1FF43E4D00E2DD85 /* Result.framework in Frameworks */ = {isa = PBXBuildFile; fileRef = 69F73ECA1FF43E4D00E2DD85 /* Result.framework */; };
/* End PBXBuildFile section */

/* Begin PBXContainerItemProxy section */
		69F2CB2D20839F2F00BE3C33 /* PBXContainerItemProxy */ = {
			isa = PBXContainerItemProxy;
			containerPortal = 699676121FF43C7000986B37 /* Project object */;
			proxyType = 1;
			remoteGlobalIDString = 69F73EAA1FF43CD500E2DD85;
			remoteInfo = ReactiveLocationExample;
		};
		69F73E9A1FF43CC200E2DD85 /* PBXContainerItemProxy */ = {
			isa = PBXContainerItemProxy;
			containerPortal = 699676121FF43C7000986B37 /* Project object */;
			proxyType = 1;
			remoteGlobalIDString = 69F73E8E1FF43CC200E2DD85;
			remoteInfo = ReactiveLocation;
		};
		69F73EC41FF43DDC00E2DD85 /* PBXContainerItemProxy */ = {
			isa = PBXContainerItemProxy;
			containerPortal = 699676121FF43C7000986B37 /* Project object */;
			proxyType = 1;
			remoteGlobalIDString = 69F73E8E1FF43CC200E2DD85;
			remoteInfo = ReactiveLocation;
		};
/* End PBXContainerItemProxy section */

/* Begin PBXFileReference section */
		6922F08221131575003474FC /* Cartfile */ = {isa = PBXFileReference; explicitFileType = text.script.ruby; path = Cartfile; sourceTree = "<group>"; };
		69980CA0206419A900BC01E2 /* ReactiveLocation.podspec */ = {isa = PBXFileReference; explicitFileType = text.script.ruby; fileEncoding = 4; path = ReactiveLocation.podspec; sourceTree = "<group>"; };
		69F73E8F1FF43CC200E2DD85 /* ReactiveLocation.framework */ = {isa = PBXFileReference; explicitFileType = wrapper.framework; includeInIndex = 0; path = ReactiveLocation.framework; sourceTree = BUILT_PRODUCTS_DIR; };
		69F73E921FF43CC200E2DD85 /* ReactiveLocation.h */ = {isa = PBXFileReference; lastKnownFileType = sourcecode.c.h; path = ReactiveLocation.h; sourceTree = "<group>"; };
		69F73E931FF43CC200E2DD85 /* Info.plist */ = {isa = PBXFileReference; lastKnownFileType = text.plist.xml; path = Info.plist; sourceTree = "<group>"; };
		69F73E981FF43CC200E2DD85 /* ReactiveLocationTests.xctest */ = {isa = PBXFileReference; explicitFileType = wrapper.cfbundle; includeInIndex = 0; path = ReactiveLocationTests.xctest; sourceTree = BUILT_PRODUCTS_DIR; };
		69F73E9D1FF43CC200E2DD85 /* ReactiveLocationTests.swift */ = {isa = PBXFileReference; lastKnownFileType = sourcecode.swift; path = ReactiveLocationTests.swift; sourceTree = "<group>"; };
		69F73E9F1FF43CC200E2DD85 /* Info.plist */ = {isa = PBXFileReference; lastKnownFileType = text.plist.xml; path = Info.plist; sourceTree = "<group>"; };
		69F73EAB1FF43CD500E2DD85 /* ReactiveLocationExample.app */ = {isa = PBXFileReference; explicitFileType = wrapper.application; includeInIndex = 0; path = ReactiveLocationExample.app; sourceTree = BUILT_PRODUCTS_DIR; };
		69F73EAD1FF43CD500E2DD85 /* AppDelegate.swift */ = {isa = PBXFileReference; lastKnownFileType = sourcecode.swift; path = AppDelegate.swift; sourceTree = "<group>"; };
		69F73EAF1FF43CD500E2DD85 /* ViewController.swift */ = {isa = PBXFileReference; lastKnownFileType = sourcecode.swift; path = ViewController.swift; sourceTree = "<group>"; };
		69F73EB21FF43CD500E2DD85 /* Base */ = {isa = PBXFileReference; lastKnownFileType = file.storyboard; name = Base; path = Base.lproj/Main.storyboard; sourceTree = "<group>"; };
		69F73EB41FF43CD500E2DD85 /* Assets.xcassets */ = {isa = PBXFileReference; lastKnownFileType = folder.assetcatalog; path = Assets.xcassets; sourceTree = "<group>"; };
		69F73EB71FF43CD500E2DD85 /* Base */ = {isa = PBXFileReference; lastKnownFileType = file.storyboard; name = Base; path = Base.lproj/LaunchScreen.storyboard; sourceTree = "<group>"; };
		69F73EB91FF43CD500E2DD85 /* Info.plist */ = {isa = PBXFileReference; lastKnownFileType = text.plist.xml; path = Info.plist; sourceTree = "<group>"; };
		69F73EBE1FF43D3A00E2DD85 /* ReactiveLocationManagerDelegate.swift */ = {isa = PBXFileReference; fileEncoding = 4; lastKnownFileType = sourcecode.swift; path = ReactiveLocationManagerDelegate.swift; sourceTree = "<group>"; };
		69F73EBF1FF43D3A00E2DD85 /* ReactiveLocation.swift */ = {isa = PBXFileReference; fileEncoding = 4; lastKnownFileType = sourcecode.swift; path = ReactiveLocation.swift; sourceTree = "<group>"; };
		69F73EC91FF43E4D00E2DD85 /* ReactiveSwift.framework */ = {isa = PBXFileReference; lastKnownFileType = wrapper.framework; name = ReactiveSwift.framework; path = Carthage/Build/iOS/ReactiveSwift.framework; sourceTree = "<group>"; };
		69F73ECA1FF43E4D00E2DD85 /* Result.framework */ = {isa = PBXFileReference; lastKnownFileType = wrapper.framework; name = Result.framework; path = Carthage/Build/iOS/Result.framework; sourceTree = "<group>"; };
/* End PBXFileReference section */

/* Begin PBXFrameworksBuildPhase section */
		69F73E8B1FF43CC200E2DD85 /* Frameworks */ = {
			isa = PBXFrameworksBuildPhase;
			buildActionMask = 2147483647;
			files = (
				69F73ECB1FF43E4D00E2DD85 /* ReactiveSwift.framework in Frameworks */,
				69F73ECC1FF43E4D00E2DD85 /* Result.framework in Frameworks */,
			);
			runOnlyForDeploymentPostprocessing = 0;
		};
		69F73E951FF43CC200E2DD85 /* Frameworks */ = {
			isa = PBXFrameworksBuildPhase;
			buildActionMask = 2147483647;
			files = (
				69F73E991FF43CC200E2DD85 /* ReactiveLocation.framework in Frameworks */,
			);
			runOnlyForDeploymentPostprocessing = 0;
		};
		69F73EA81FF43CD500E2DD85 /* Frameworks */ = {
			isa = PBXFrameworksBuildPhase;
			buildActionMask = 2147483647;
			files = (
				69F73EC21FF43DDC00E2DD85 /* ReactiveLocation.framework in Frameworks */,
			);
			runOnlyForDeploymentPostprocessing = 0;
		};
/* End PBXFrameworksBuildPhase section */

/* Begin PBXGroup section */
		699676111FF43C7000986B37 = {
			isa = PBXGroup;
			children = (
				6922F08221131575003474FC /* Cartfile */,
				69980CA0206419A900BC01E2 /* ReactiveLocation.podspec */,
				69F73E911FF43CC200E2DD85 /* ReactiveLocation */,
				69F73E9C1FF43CC200E2DD85 /* ReactiveLocationTests */,
				69F73EAC1FF43CD500E2DD85 /* ReactiveLocationExample */,
				69F73E901FF43CC200E2DD85 /* Products */,
				69F73EC81FF43E4C00E2DD85 /* Frameworks */,
			);
			sourceTree = "<group>";
		};
		69F73E901FF43CC200E2DD85 /* Products */ = {
			isa = PBXGroup;
			children = (
				69F73E8F1FF43CC200E2DD85 /* ReactiveLocation.framework */,
				69F73E981FF43CC200E2DD85 /* ReactiveLocationTests.xctest */,
				69F73EAB1FF43CD500E2DD85 /* ReactiveLocationExample.app */,
			);
			name = Products;
			sourceTree = "<group>";
		};
		69F73E911FF43CC200E2DD85 /* ReactiveLocation */ = {
			isa = PBXGroup;
			children = (
				69F73EBF1FF43D3A00E2DD85 /* ReactiveLocation.swift */,
				69F73EBE1FF43D3A00E2DD85 /* ReactiveLocationManagerDelegate.swift */,
				69F73EBD1FF43CDE00E2DD85 /* Supporting files */,
			);
			path = ReactiveLocation;
			sourceTree = "<group>";
		};
		69F73E9C1FF43CC200E2DD85 /* ReactiveLocationTests */ = {
			isa = PBXGroup;
			children = (
				69F73E9D1FF43CC200E2DD85 /* ReactiveLocationTests.swift */,
				69F73E9F1FF43CC200E2DD85 /* Info.plist */,
			);
			path = ReactiveLocationTests;
			sourceTree = "<group>";
		};
		69F73EAC1FF43CD500E2DD85 /* ReactiveLocationExample */ = {
			isa = PBXGroup;
			children = (
				69F73EAD1FF43CD500E2DD85 /* AppDelegate.swift */,
				69F73EAF1FF43CD500E2DD85 /* ViewController.swift */,
				69F73EB11FF43CD500E2DD85 /* Main.storyboard */,
				69F73EB41FF43CD500E2DD85 /* Assets.xcassets */,
				69F73EB61FF43CD500E2DD85 /* LaunchScreen.storyboard */,
				69F73EB91FF43CD500E2DD85 /* Info.plist */,
			);
			path = ReactiveLocationExample;
			sourceTree = "<group>";
		};
		69F73EBD1FF43CDE00E2DD85 /* Supporting files */ = {
			isa = PBXGroup;
			children = (
				69F73E921FF43CC200E2DD85 /* ReactiveLocation.h */,
				69F73E931FF43CC200E2DD85 /* Info.plist */,
			);
			path = "Supporting files";
			sourceTree = "<group>";
		};
		69F73EC81FF43E4C00E2DD85 /* Frameworks */ = {
			isa = PBXGroup;
			children = (
				69F73EC91FF43E4D00E2DD85 /* ReactiveSwift.framework */,
				69F73ECA1FF43E4D00E2DD85 /* Result.framework */,
			);
			name = Frameworks;
			sourceTree = "<group>";
		};
/* End PBXGroup section */

/* Begin PBXHeadersBuildPhase section */
		69F73E8C1FF43CC200E2DD85 /* Headers */ = {
			isa = PBXHeadersBuildPhase;
			buildActionMask = 2147483647;
			files = (
				69F73EA01FF43CC200E2DD85 /* ReactiveLocation.h in Headers */,
			);
			runOnlyForDeploymentPostprocessing = 0;
		};
/* End PBXHeadersBuildPhase section */

/* Begin PBXNativeTarget section */
		69F73E8E1FF43CC200E2DD85 /* ReactiveLocation */ = {
			isa = PBXNativeTarget;
			buildConfigurationList = 69F73EA51FF43CC200E2DD85 /* Build configuration list for PBXNativeTarget "ReactiveLocation" */;
			buildPhases = (
				69F73E8A1FF43CC200E2DD85 /* Sources */,
				69F73E8B1FF43CC200E2DD85 /* Frameworks */,
				69F73E8C1FF43CC200E2DD85 /* Headers */,
				69F73E8D1FF43CC200E2DD85 /* Resources */,
			);
			buildRules = (
			);
			dependencies = (
			);
			name = ReactiveLocation;
			productName = ReactiveLocation;
			productReference = 69F73E8F1FF43CC200E2DD85 /* ReactiveLocation.framework */;
			productType = "com.apple.product-type.framework";
		};
		69F73E971FF43CC200E2DD85 /* ReactiveLocationTests */ = {
			isa = PBXNativeTarget;
			buildConfigurationList = 69F73EA61FF43CC200E2DD85 /* Build configuration list for PBXNativeTarget "ReactiveLocationTests" */;
			buildPhases = (
				69F73E941FF43CC200E2DD85 /* Sources */,
				69F73E951FF43CC200E2DD85 /* Frameworks */,
				69F73E961FF43CC200E2DD85 /* Resources */,
			);
			buildRules = (
			);
			dependencies = (
				69F73E9B1FF43CC200E2DD85 /* PBXTargetDependency */,
				69F2CB2E20839F2F00BE3C33 /* PBXTargetDependency */,
			);
			name = ReactiveLocationTests;
			productName = ReactiveLocationTests;
			productReference = 69F73E981FF43CC200E2DD85 /* ReactiveLocationTests.xctest */;
			productType = "com.apple.product-type.bundle.unit-test";
		};
		69F73EAA1FF43CD500E2DD85 /* ReactiveLocationExample */ = {
			isa = PBXNativeTarget;
			buildConfigurationList = 69F73EBA1FF43CD500E2DD85 /* Build configuration list for PBXNativeTarget "ReactiveLocationExample" */;
			buildPhases = (
				69F73EA71FF43CD500E2DD85 /* Sources */,
				69F73EA81FF43CD500E2DD85 /* Frameworks */,
				69F73EA91FF43CD500E2DD85 /* Resources */,
				69980C9F2064192B00BC01E2 /* [Carthage] Copy frameworks */,
			);
			buildRules = (
			);
			dependencies = (
				69F73EC51FF43DDC00E2DD85 /* PBXTargetDependency */,
			);
			name = ReactiveLocationExample;
			productName = ReactiveLocationExample;
			productReference = 69F73EAB1FF43CD500E2DD85 /* ReactiveLocationExample.app */;
			productType = "com.apple.product-type.application";
		};
/* End PBXNativeTarget section */

/* Begin PBXProject section */
		699676121FF43C7000986B37 /* Project object */ = {
			isa = PBXProject;
			attributes = {
				LastSwiftUpdateCheck = 0920;
				LastUpgradeCheck = 1000;
				TargetAttributes = {
					69F73E8E1FF43CC200E2DD85 = {
						CreatedOnToolsVersion = 9.2;
						LastSwiftMigration = 0920;
						ProvisioningStyle = Manual;
					};
					69F73E971FF43CC200E2DD85 = {
						CreatedOnToolsVersion = 9.2;
						ProvisioningStyle = Manual;
						TestTargetID = 69F73EAA1FF43CD500E2DD85;
					};
					69F73EAA1FF43CD500E2DD85 = {
						CreatedOnToolsVersion = 9.2;
						ProvisioningStyle = Manual;
					};
				};
			};
			buildConfigurationList = 699676151FF43C7000986B37 /* Build configuration list for PBXProject "ReactiveLocation" */;
			compatibilityVersion = "Xcode 8.0";
			developmentRegion = en;
			hasScannedForEncodings = 0;
			knownRegions = (
				en,
				Base,
			);
			mainGroup = 699676111FF43C7000986B37;
			productRefGroup = 69F73E901FF43CC200E2DD85 /* Products */;
			projectDirPath = "";
			projectRoot = "";
			targets = (
				69F73EAA1FF43CD500E2DD85 /* ReactiveLocationExample */,
				69F73E8E1FF43CC200E2DD85 /* ReactiveLocation */,
				69F73E971FF43CC200E2DD85 /* ReactiveLocationTests */,
			);
		};
/* End PBXProject section */

/* Begin PBXResourcesBuildPhase section */
		69F73E8D1FF43CC200E2DD85 /* Resources */ = {
			isa = PBXResourcesBuildPhase;
			buildActionMask = 2147483647;
			files = (
			);
			runOnlyForDeploymentPostprocessing = 0;
		};
		69F73E961FF43CC200E2DD85 /* Resources */ = {
			isa = PBXResourcesBuildPhase;
			buildActionMask = 2147483647;
			files = (
			);
			runOnlyForDeploymentPostprocessing = 0;
		};
		69F73EA91FF43CD500E2DD85 /* Resources */ = {
			isa = PBXResourcesBuildPhase;
			buildActionMask = 2147483647;
			files = (
				69F73EB81FF43CD500E2DD85 /* LaunchScreen.storyboard in Resources */,
				69F73EB51FF43CD500E2DD85 /* Assets.xcassets in Resources */,
				69F73EB31FF43CD500E2DD85 /* Main.storyboard in Resources */,
			);
			runOnlyForDeploymentPostprocessing = 0;
		};
/* End PBXResourcesBuildPhase section */

/* Begin PBXShellScriptBuildPhase section */
		69980C9F2064192B00BC01E2 /* [Carthage] Copy frameworks */ = {
			isa = PBXShellScriptBuildPhase;
			buildActionMask = 2147483647;
			files = (
			);
			inputPaths = (
				"$(SRCROOT)/Carthage/Build/iOS/Result.framework",
				"$(SRCROOT)/Carthage/Build/iOS/ReactiveSwift.framework",
			);
			name = "[Carthage] Copy frameworks";
			outputPaths = (
				"$(BUILT_PRODUCTS_DIR)/$(FRAMEWORKS_FOLDER_PATH)/Result.framework",
				"$(BUILT_PRODUCTS_DIR)/$(FRAMEWORKS_FOLDER_PATH)/ReactiveSwift.framework",
			);
			runOnlyForDeploymentPostprocessing = 0;
			shellPath = /bin/sh;
			shellScript = "/usr/local/bin/carthage copy-frameworks";
		};
/* End PBXShellScriptBuildPhase section */

/* Begin PBXSourcesBuildPhase section */
		69F73E8A1FF43CC200E2DD85 /* Sources */ = {
			isa = PBXSourcesBuildPhase;
			buildActionMask = 2147483647;
			files = (
				69F73EC01FF43D3A00E2DD85 /* ReactiveLocationManagerDelegate.swift in Sources */,
				69F73EC11FF43D3A00E2DD85 /* ReactiveLocation.swift in Sources */,
			);
			runOnlyForDeploymentPostprocessing = 0;
		};
		69F73E941FF43CC200E2DD85 /* Sources */ = {
			isa = PBXSourcesBuildPhase;
			buildActionMask = 2147483647;
			files = (
				69F73E9E1FF43CC200E2DD85 /* ReactiveLocationTests.swift in Sources */,
			);
			runOnlyForDeploymentPostprocessing = 0;
		};
		69F73EA71FF43CD500E2DD85 /* Sources */ = {
			isa = PBXSourcesBuildPhase;
			buildActionMask = 2147483647;
			files = (
				69F73EB01FF43CD500E2DD85 /* ViewController.swift in Sources */,
				69F73EAE1FF43CD500E2DD85 /* AppDelegate.swift in Sources */,
			);
			runOnlyForDeploymentPostprocessing = 0;
		};
/* End PBXSourcesBuildPhase section */

/* Begin PBXTargetDependency section */
		69F2CB2E20839F2F00BE3C33 /* PBXTargetDependency */ = {
			isa = PBXTargetDependency;
			target = 69F73EAA1FF43CD500E2DD85 /* ReactiveLocationExample */;
			targetProxy = 69F2CB2D20839F2F00BE3C33 /* PBXContainerItemProxy */;
		};
		69F73E9B1FF43CC200E2DD85 /* PBXTargetDependency */ = {
			isa = PBXTargetDependency;
			target = 69F73E8E1FF43CC200E2DD85 /* ReactiveLocation */;
			targetProxy = 69F73E9A1FF43CC200E2DD85 /* PBXContainerItemProxy */;
		};
		69F73EC51FF43DDC00E2DD85 /* PBXTargetDependency */ = {
			isa = PBXTargetDependency;
			target = 69F73E8E1FF43CC200E2DD85 /* ReactiveLocation */;
			targetProxy = 69F73EC41FF43DDC00E2DD85 /* PBXContainerItemProxy */;
		};
/* End PBXTargetDependency section */

/* Begin PBXVariantGroup section */
		69F73EB11FF43CD500E2DD85 /* Main.storyboard */ = {
			isa = PBXVariantGroup;
			children = (
				69F73EB21FF43CD500E2DD85 /* Base */,
			);
			name = Main.storyboard;
			sourceTree = "<group>";
		};
		69F73EB61FF43CD500E2DD85 /* LaunchScreen.storyboard */ = {
			isa = PBXVariantGroup;
			children = (
				69F73EB71FF43CD500E2DD85 /* Base */,
			);
			name = LaunchScreen.storyboard;
			sourceTree = "<group>";
		};
/* End PBXVariantGroup section */

/* Begin XCBuildConfiguration section */
		699676161FF43C7000986B37 /* Debug */ = {
			isa = XCBuildConfiguration;
			buildSettings = {
				CLANG_WARN_BLOCK_CAPTURE_AUTORELEASING = YES;
				CLANG_WARN_BOOL_CONVERSION = YES;
				CLANG_WARN_COMMA = YES;
				CLANG_WARN_CONSTANT_CONVERSION = YES;
				CLANG_WARN_DEPRECATED_OBJC_IMPLEMENTATIONS = YES;
				CLANG_WARN_EMPTY_BODY = YES;
				CLANG_WARN_ENUM_CONVERSION = YES;
				CLANG_WARN_INFINITE_RECURSION = YES;
				CLANG_WARN_INT_CONVERSION = YES;
				CLANG_WARN_NON_LITERAL_NULL_CONVERSION = YES;
				CLANG_WARN_OBJC_IMPLICIT_RETAIN_SELF = YES;
				CLANG_WARN_OBJC_LITERAL_CONVERSION = YES;
				CLANG_WARN_RANGE_LOOP_ANALYSIS = YES;
				CLANG_WARN_STRICT_PROTOTYPES = YES;
				CLANG_WARN_SUSPICIOUS_MOVE = YES;
				CLANG_WARN_UNREACHABLE_CODE = YES;
				CLANG_WARN__DUPLICATE_METHOD_MATCH = YES;
				ENABLE_STRICT_OBJC_MSGSEND = YES;
				ENABLE_TESTABILITY = YES;
				GCC_NO_COMMON_BLOCKS = YES;
				GCC_WARN_64_TO_32_BIT_CONVERSION = YES;
				GCC_WARN_ABOUT_RETURN_TYPE = YES;
				GCC_WARN_UNDECLARED_SELECTOR = YES;
				GCC_WARN_UNINITIALIZED_AUTOS = YES;
				GCC_WARN_UNUSED_FUNCTION = YES;
				GCC_WARN_UNUSED_VARIABLE = YES;
				IPHONEOS_DEPLOYMENT_TARGET = 8.0;
				ONLY_ACTIVE_ARCH = YES;
			};
			name = Debug;
		};
		699676171FF43C7000986B37 /* Release */ = {
			isa = XCBuildConfiguration;
			buildSettings = {
				CLANG_WARN_BLOCK_CAPTURE_AUTORELEASING = YES;
				CLANG_WARN_BOOL_CONVERSION = YES;
				CLANG_WARN_COMMA = YES;
				CLANG_WARN_CONSTANT_CONVERSION = YES;
				CLANG_WARN_DEPRECATED_OBJC_IMPLEMENTATIONS = YES;
				CLANG_WARN_EMPTY_BODY = YES;
				CLANG_WARN_ENUM_CONVERSION = YES;
				CLANG_WARN_INFINITE_RECURSION = YES;
				CLANG_WARN_INT_CONVERSION = YES;
				CLANG_WARN_NON_LITERAL_NULL_CONVERSION = YES;
				CLANG_WARN_OBJC_IMPLICIT_RETAIN_SELF = YES;
				CLANG_WARN_OBJC_LITERAL_CONVERSION = YES;
				CLANG_WARN_RANGE_LOOP_ANALYSIS = YES;
				CLANG_WARN_STRICT_PROTOTYPES = YES;
				CLANG_WARN_SUSPICIOUS_MOVE = YES;
				CLANG_WARN_UNREACHABLE_CODE = YES;
				CLANG_WARN__DUPLICATE_METHOD_MATCH = YES;
				ENABLE_STRICT_OBJC_MSGSEND = YES;
				GCC_NO_COMMON_BLOCKS = YES;
				GCC_WARN_64_TO_32_BIT_CONVERSION = YES;
				GCC_WARN_ABOUT_RETURN_TYPE = YES;
				GCC_WARN_UNDECLARED_SELECTOR = YES;
				GCC_WARN_UNINITIALIZED_AUTOS = YES;
				GCC_WARN_UNUSED_FUNCTION = YES;
				GCC_WARN_UNUSED_VARIABLE = YES;
				IPHONEOS_DEPLOYMENT_TARGET = 8.0;
			};
			name = Release;
		};
		69F73EA11FF43CC200E2DD85 /* Debug */ = {
			isa = XCBuildConfiguration;
			buildSettings = {
				ALWAYS_SEARCH_USER_PATHS = NO;
				CLANG_ANALYZER_NONNULL = YES;
				CLANG_ANALYZER_NUMBER_OBJECT_CONVERSION = YES_AGGRESSIVE;
				CLANG_CXX_LANGUAGE_STANDARD = "gnu++14";
				CLANG_CXX_LIBRARY = "libc++";
				CLANG_ENABLE_MODULES = YES;
				CLANG_ENABLE_OBJC_ARC = YES;
				CLANG_WARN_BLOCK_CAPTURE_AUTORELEASING = YES;
				CLANG_WARN_BOOL_CONVERSION = YES;
				CLANG_WARN_COMMA = YES;
				CLANG_WARN_CONSTANT_CONVERSION = YES;
				CLANG_WARN_DIRECT_OBJC_ISA_USAGE = YES_ERROR;
				CLANG_WARN_DOCUMENTATION_COMMENTS = YES;
				CLANG_WARN_EMPTY_BODY = YES;
				CLANG_WARN_ENUM_CONVERSION = YES;
				CLANG_WARN_INFINITE_RECURSION = YES;
				CLANG_WARN_INT_CONVERSION = YES;
				CLANG_WARN_NON_LITERAL_NULL_CONVERSION = YES;
				CLANG_WARN_OBJC_LITERAL_CONVERSION = YES;
				CLANG_WARN_OBJC_ROOT_CLASS = YES_ERROR;
				CLANG_WARN_RANGE_LOOP_ANALYSIS = YES;
				CLANG_WARN_STRICT_PROTOTYPES = YES;
				CLANG_WARN_SUSPICIOUS_MOVE = YES;
				CLANG_WARN_UNGUARDED_AVAILABILITY = YES_AGGRESSIVE;
				CLANG_WARN_UNREACHABLE_CODE = YES;
				CLANG_WARN__DUPLICATE_METHOD_MATCH = YES;
				CODE_SIGN_IDENTITY = "";
				CODE_SIGN_STYLE = Manual;
				COPY_PHASE_STRIP = NO;
				CURRENT_PROJECT_VERSION = 1;
				DEBUG_INFORMATION_FORMAT = dwarf;
				DEFINES_MODULE = YES;
				DEVELOPMENT_TEAM = "";
				DYLIB_COMPATIBILITY_VERSION = 1;
				DYLIB_CURRENT_VERSION = 1;
				DYLIB_INSTALL_NAME_BASE = "@rpath";
				ENABLE_STRICT_OBJC_MSGSEND = YES;
				ENABLE_TESTABILITY = YES;
				FRAMEWORK_SEARCH_PATHS = (
					"$(inherited)",
					"$(PROJECT_DIR)/Carthage/Build/iOS",
				);
				GCC_C_LANGUAGE_STANDARD = gnu11;
				GCC_DYNAMIC_NO_PIC = NO;
				GCC_NO_COMMON_BLOCKS = YES;
				GCC_OPTIMIZATION_LEVEL = 0;
				GCC_PREPROCESSOR_DEFINITIONS = (
					"DEBUG=1",
					"$(inherited)",
				);
				GCC_WARN_64_TO_32_BIT_CONVERSION = YES;
				GCC_WARN_ABOUT_RETURN_TYPE = YES_ERROR;
				GCC_WARN_UNDECLARED_SELECTOR = YES;
				GCC_WARN_UNINITIALIZED_AUTOS = YES_AGGRESSIVE;
				GCC_WARN_UNUSED_FUNCTION = YES;
				GCC_WARN_UNUSED_VARIABLE = YES;
				INFOPLIST_FILE = "$(SRCROOT)/ReactiveLocation/Supporting files/Info.plist";
				INSTALL_PATH = "$(LOCAL_LIBRARY_DIR)/Frameworks";
				LD_RUNPATH_SEARCH_PATHS = "$(inherited) @executable_path/Frameworks @loader_path/Frameworks";
				MTL_ENABLE_DEBUG_INFO = YES;
				ONLY_ACTIVE_ARCH = YES;
				PRODUCT_BUNDLE_IDENTIFIER = cz.ackee.ReactiveLocation;
				PRODUCT_NAME = "$(TARGET_NAME:c99extidentifier)";
				PROVISIONING_PROFILE_SPECIFIER = "";
				SDKROOT = iphoneos;
				SKIP_INSTALL = YES;
				SWIFT_ACTIVE_COMPILATION_CONDITIONS = DEBUG;
				SWIFT_OPTIMIZATION_LEVEL = "-Onone";
				SWIFT_VERSION = 4.0;
				TARGETED_DEVICE_FAMILY = "1,2";
				VERSIONING_SYSTEM = "apple-generic";
				VERSION_INFO_PREFIX = "";
			};
			name = Debug;
		};
		69F73EA21FF43CC200E2DD85 /* Release */ = {
			isa = XCBuildConfiguration;
			buildSettings = {
				ALWAYS_SEARCH_USER_PATHS = NO;
				CLANG_ANALYZER_NONNULL = YES;
				CLANG_ANALYZER_NUMBER_OBJECT_CONVERSION = YES_AGGRESSIVE;
				CLANG_CXX_LANGUAGE_STANDARD = "gnu++14";
				CLANG_CXX_LIBRARY = "libc++";
				CLANG_ENABLE_MODULES = YES;
				CLANG_ENABLE_OBJC_ARC = YES;
				CLANG_WARN_BLOCK_CAPTURE_AUTORELEASING = YES;
				CLANG_WARN_BOOL_CONVERSION = YES;
				CLANG_WARN_COMMA = YES;
				CLANG_WARN_CONSTANT_CONVERSION = YES;
				CLANG_WARN_DIRECT_OBJC_ISA_USAGE = YES_ERROR;
				CLANG_WARN_DOCUMENTATION_COMMENTS = YES;
				CLANG_WARN_EMPTY_BODY = YES;
				CLANG_WARN_ENUM_CONVERSION = YES;
				CLANG_WARN_INFINITE_RECURSION = YES;
				CLANG_WARN_INT_CONVERSION = YES;
				CLANG_WARN_NON_LITERAL_NULL_CONVERSION = YES;
				CLANG_WARN_OBJC_LITERAL_CONVERSION = YES;
				CLANG_WARN_OBJC_ROOT_CLASS = YES_ERROR;
				CLANG_WARN_RANGE_LOOP_ANALYSIS = YES;
				CLANG_WARN_STRICT_PROTOTYPES = YES;
				CLANG_WARN_SUSPICIOUS_MOVE = YES;
				CLANG_WARN_UNGUARDED_AVAILABILITY = YES_AGGRESSIVE;
				CLANG_WARN_UNREACHABLE_CODE = YES;
				CLANG_WARN__DUPLICATE_METHOD_MATCH = YES;
				CODE_SIGN_IDENTITY = "";
				CODE_SIGN_STYLE = Manual;
				COPY_PHASE_STRIP = NO;
				CURRENT_PROJECT_VERSION = 1;
				DEBUG_INFORMATION_FORMAT = "dwarf-with-dsym";
				DEFINES_MODULE = YES;
				DEVELOPMENT_TEAM = "";
				DYLIB_COMPATIBILITY_VERSION = 1;
				DYLIB_CURRENT_VERSION = 1;
				DYLIB_INSTALL_NAME_BASE = "@rpath";
				ENABLE_NS_ASSERTIONS = NO;
				ENABLE_STRICT_OBJC_MSGSEND = YES;
				FRAMEWORK_SEARCH_PATHS = (
					"$(inherited)",
					"$(PROJECT_DIR)/Carthage/Build/iOS",
				);
				GCC_C_LANGUAGE_STANDARD = gnu11;
				GCC_NO_COMMON_BLOCKS = YES;
				GCC_WARN_64_TO_32_BIT_CONVERSION = YES;
				GCC_WARN_ABOUT_RETURN_TYPE = YES_ERROR;
				GCC_WARN_UNDECLARED_SELECTOR = YES;
				GCC_WARN_UNINITIALIZED_AUTOS = YES_AGGRESSIVE;
				GCC_WARN_UNUSED_FUNCTION = YES;
				GCC_WARN_UNUSED_VARIABLE = YES;
				INFOPLIST_FILE = "$(SRCROOT)/ReactiveLocation/Supporting files/Info.plist";
				INSTALL_PATH = "$(LOCAL_LIBRARY_DIR)/Frameworks";
				LD_RUNPATH_SEARCH_PATHS = "$(inherited) @executable_path/Frameworks @loader_path/Frameworks";
				MTL_ENABLE_DEBUG_INFO = NO;
				PRODUCT_BUNDLE_IDENTIFIER = cz.ackee.ReactiveLocation;
				PRODUCT_NAME = "$(TARGET_NAME:c99extidentifier)";
				PROVISIONING_PROFILE_SPECIFIER = "";
				SDKROOT = iphoneos;
				SKIP_INSTALL = YES;
				SWIFT_OPTIMIZATION_LEVEL = "-Owholemodule";
				SWIFT_VERSION = 4.0;
				TARGETED_DEVICE_FAMILY = "1,2";
				VALIDATE_PRODUCT = YES;
				VERSIONING_SYSTEM = "apple-generic";
				VERSION_INFO_PREFIX = "";
			};
			name = Release;
		};
		69F73EA31FF43CC200E2DD85 /* Debug */ = {
			isa = XCBuildConfiguration;
			buildSettings = {
				ALWAYS_EMBED_SWIFT_STANDARD_LIBRARIES = YES;
				ALWAYS_SEARCH_USER_PATHS = NO;
				CLANG_ANALYZER_NONNULL = YES;
				CLANG_ANALYZER_NUMBER_OBJECT_CONVERSION = YES_AGGRESSIVE;
				CLANG_CXX_LANGUAGE_STANDARD = "gnu++14";
				CLANG_CXX_LIBRARY = "libc++";
				CLANG_ENABLE_MODULES = YES;
				CLANG_ENABLE_OBJC_ARC = YES;
				CLANG_WARN_BLOCK_CAPTURE_AUTORELEASING = YES;
				CLANG_WARN_BOOL_CONVERSION = YES;
				CLANG_WARN_COMMA = YES;
				CLANG_WARN_CONSTANT_CONVERSION = YES;
				CLANG_WARN_DIRECT_OBJC_ISA_USAGE = YES_ERROR;
				CLANG_WARN_DOCUMENTATION_COMMENTS = YES;
				CLANG_WARN_EMPTY_BODY = YES;
				CLANG_WARN_ENUM_CONVERSION = YES;
				CLANG_WARN_INFINITE_RECURSION = YES;
				CLANG_WARN_INT_CONVERSION = YES;
				CLANG_WARN_NON_LITERAL_NULL_CONVERSION = YES;
				CLANG_WARN_OBJC_LITERAL_CONVERSION = YES;
				CLANG_WARN_OBJC_ROOT_CLASS = YES_ERROR;
				CLANG_WARN_RANGE_LOOP_ANALYSIS = YES;
				CLANG_WARN_STRICT_PROTOTYPES = YES;
				CLANG_WARN_SUSPICIOUS_MOVE = YES;
				CLANG_WARN_UNGUARDED_AVAILABILITY = YES_AGGRESSIVE;
				CLANG_WARN_UNREACHABLE_CODE = YES;
				CLANG_WARN__DUPLICATE_METHOD_MATCH = YES;
				CODE_SIGN_IDENTITY = "iPhone Developer";
				CODE_SIGN_STYLE = Manual;
				COPY_PHASE_STRIP = NO;
				DEBUG_INFORMATION_FORMAT = dwarf;
				DEVELOPMENT_TEAM = "";
				ENABLE_STRICT_OBJC_MSGSEND = YES;
				ENABLE_TESTABILITY = YES;
				GCC_C_LANGUAGE_STANDARD = gnu11;
				GCC_DYNAMIC_NO_PIC = NO;
				GCC_NO_COMMON_BLOCKS = YES;
				GCC_OPTIMIZATION_LEVEL = 0;
				GCC_PREPROCESSOR_DEFINITIONS = (
					"DEBUG=1",
					"$(inherited)",
				);
				GCC_WARN_64_TO_32_BIT_CONVERSION = YES;
				GCC_WARN_ABOUT_RETURN_TYPE = YES_ERROR;
				GCC_WARN_UNDECLARED_SELECTOR = YES;
				GCC_WARN_UNINITIALIZED_AUTOS = YES_AGGRESSIVE;
				GCC_WARN_UNUSED_FUNCTION = YES;
				GCC_WARN_UNUSED_VARIABLE = YES;
				INFOPLIST_FILE = ReactiveLocationTests/Info.plist;
				IPHONEOS_DEPLOYMENT_TARGET = 11.2;
				LD_RUNPATH_SEARCH_PATHS = "$(inherited) @executable_path/Frameworks @loader_path/Frameworks";
				MTL_ENABLE_DEBUG_INFO = YES;
				ONLY_ACTIVE_ARCH = YES;
				PRODUCT_BUNDLE_IDENTIFIER = cz.ackee.ReactiveLocationTests;
				PRODUCT_NAME = "$(TARGET_NAME)";
				PROVISIONING_PROFILE_SPECIFIER = "";
				SDKROOT = iphoneos;
				SWIFT_ACTIVE_COMPILATION_CONDITIONS = DEBUG;
				SWIFT_OPTIMIZATION_LEVEL = "-Onone";
				SWIFT_VERSION = 4.0;
				TARGETED_DEVICE_FAMILY = "1,2";
				TEST_HOST = "$(BUILT_PRODUCTS_DIR)/ReactiveLocationExample.app/ReactiveLocationExample";
			};
			name = Debug;
		};
		69F73EA41FF43CC200E2DD85 /* Release */ = {
			isa = XCBuildConfiguration;
			buildSettings = {
				ALWAYS_EMBED_SWIFT_STANDARD_LIBRARIES = YES;
				ALWAYS_SEARCH_USER_PATHS = NO;
				CLANG_ANALYZER_NONNULL = YES;
				CLANG_ANALYZER_NUMBER_OBJECT_CONVERSION = YES_AGGRESSIVE;
				CLANG_CXX_LANGUAGE_STANDARD = "gnu++14";
				CLANG_CXX_LIBRARY = "libc++";
				CLANG_ENABLE_MODULES = YES;
				CLANG_ENABLE_OBJC_ARC = YES;
				CLANG_WARN_BLOCK_CAPTURE_AUTORELEASING = YES;
				CLANG_WARN_BOOL_CONVERSION = YES;
				CLANG_WARN_COMMA = YES;
				CLANG_WARN_CONSTANT_CONVERSION = YES;
				CLANG_WARN_DIRECT_OBJC_ISA_USAGE = YES_ERROR;
				CLANG_WARN_DOCUMENTATION_COMMENTS = YES;
				CLANG_WARN_EMPTY_BODY = YES;
				CLANG_WARN_ENUM_CONVERSION = YES;
				CLANG_WARN_INFINITE_RECURSION = YES;
				CLANG_WARN_INT_CONVERSION = YES;
				CLANG_WARN_NON_LITERAL_NULL_CONVERSION = YES;
				CLANG_WARN_OBJC_LITERAL_CONVERSION = YES;
				CLANG_WARN_OBJC_ROOT_CLASS = YES_ERROR;
				CLANG_WARN_RANGE_LOOP_ANALYSIS = YES;
				CLANG_WARN_STRICT_PROTOTYPES = YES;
				CLANG_WARN_SUSPICIOUS_MOVE = YES;
				CLANG_WARN_UNGUARDED_AVAILABILITY = YES_AGGRESSIVE;
				CLANG_WARN_UNREACHABLE_CODE = YES;
				CLANG_WARN__DUPLICATE_METHOD_MATCH = YES;
				CODE_SIGN_IDENTITY = "iPhone Developer";
				CODE_SIGN_STYLE = Manual;
				COPY_PHASE_STRIP = NO;
				DEBUG_INFORMATION_FORMAT = "dwarf-with-dsym";
				DEVELOPMENT_TEAM = "";
				ENABLE_NS_ASSERTIONS = NO;
				ENABLE_STRICT_OBJC_MSGSEND = YES;
				GCC_C_LANGUAGE_STANDARD = gnu11;
				GCC_NO_COMMON_BLOCKS = YES;
				GCC_WARN_64_TO_32_BIT_CONVERSION = YES;
				GCC_WARN_ABOUT_RETURN_TYPE = YES_ERROR;
				GCC_WARN_UNDECLARED_SELECTOR = YES;
				GCC_WARN_UNINITIALIZED_AUTOS = YES_AGGRESSIVE;
				GCC_WARN_UNUSED_FUNCTION = YES;
				GCC_WARN_UNUSED_VARIABLE = YES;
				INFOPLIST_FILE = ReactiveLocationTests/Info.plist;
				IPHONEOS_DEPLOYMENT_TARGET = 11.2;
				LD_RUNPATH_SEARCH_PATHS = "$(inherited) @executable_path/Frameworks @loader_path/Frameworks";
				MTL_ENABLE_DEBUG_INFO = NO;
				PRODUCT_BUNDLE_IDENTIFIER = cz.ackee.ReactiveLocationTests;
				PRODUCT_NAME = "$(TARGET_NAME)";
				PROVISIONING_PROFILE_SPECIFIER = "";
				SDKROOT = iphoneos;
				SWIFT_OPTIMIZATION_LEVEL = "-Owholemodule";
				SWIFT_VERSION = 4.0;
				TARGETED_DEVICE_FAMILY = "1,2";
				TEST_HOST = "$(BUILT_PRODUCTS_DIR)/ReactiveLocationExample.app/ReactiveLocationExample";
				VALIDATE_PRODUCT = YES;
			};
			name = Release;
		};
		69F73EBB1FF43CD500E2DD85 /* Debug */ = {
			isa = XCBuildConfiguration;
			buildSettings = {
				ALWAYS_EMBED_SWIFT_STANDARD_LIBRARIES = YES;
				ALWAYS_SEARCH_USER_PATHS = NO;
				ASSETCATALOG_COMPILER_APPICON_NAME = AppIcon;
				CLANG_ANALYZER_NONNULL = YES;
				CLANG_ANALYZER_NUMBER_OBJECT_CONVERSION = YES_AGGRESSIVE;
				CLANG_CXX_LANGUAGE_STANDARD = "gnu++14";
				CLANG_CXX_LIBRARY = "libc++";
				CLANG_ENABLE_MODULES = YES;
				CLANG_ENABLE_OBJC_ARC = YES;
				CLANG_WARN_BLOCK_CAPTURE_AUTORELEASING = YES;
				CLANG_WARN_BOOL_CONVERSION = YES;
				CLANG_WARN_COMMA = YES;
				CLANG_WARN_CONSTANT_CONVERSION = YES;
				CLANG_WARN_DIRECT_OBJC_ISA_USAGE = YES_ERROR;
				CLANG_WARN_DOCUMENTATION_COMMENTS = YES;
				CLANG_WARN_EMPTY_BODY = YES;
				CLANG_WARN_ENUM_CONVERSION = YES;
				CLANG_WARN_INFINITE_RECURSION = YES;
				CLANG_WARN_INT_CONVERSION = YES;
				CLANG_WARN_NON_LITERAL_NULL_CONVERSION = YES;
				CLANG_WARN_OBJC_LITERAL_CONVERSION = YES;
				CLANG_WARN_OBJC_ROOT_CLASS = YES_ERROR;
				CLANG_WARN_RANGE_LOOP_ANALYSIS = YES;
				CLANG_WARN_STRICT_PROTOTYPES = YES;
				CLANG_WARN_SUSPICIOUS_MOVE = YES;
				CLANG_WARN_UNGUARDED_AVAILABILITY = YES_AGGRESSIVE;
				CLANG_WARN_UNREACHABLE_CODE = YES;
				CLANG_WARN__DUPLICATE_METHOD_MATCH = YES;
				CODE_SIGN_IDENTITY = "iPhone Developer";
				CODE_SIGN_STYLE = Manual;
				COPY_PHASE_STRIP = NO;
				DEBUG_INFORMATION_FORMAT = dwarf;
				DEVELOPMENT_TEAM = "";
				ENABLE_STRICT_OBJC_MSGSEND = YES;
				ENABLE_TESTABILITY = YES;
				GCC_C_LANGUAGE_STANDARD = gnu11;
				GCC_DYNAMIC_NO_PIC = NO;
				GCC_NO_COMMON_BLOCKS = YES;
				GCC_OPTIMIZATION_LEVEL = 0;
				GCC_PREPROCESSOR_DEFINITIONS = (
					"DEBUG=1",
					"$(inherited)",
				);
				GCC_WARN_64_TO_32_BIT_CONVERSION = YES;
				GCC_WARN_ABOUT_RETURN_TYPE = YES_ERROR;
				GCC_WARN_UNDECLARED_SELECTOR = YES;
				GCC_WARN_UNINITIALIZED_AUTOS = YES_AGGRESSIVE;
				GCC_WARN_UNUSED_FUNCTION = YES;
				GCC_WARN_UNUSED_VARIABLE = YES;
				INFOPLIST_FILE = ReactiveLocationExample/Info.plist;
				IPHONEOS_DEPLOYMENT_TARGET = 11.2;
				LD_RUNPATH_SEARCH_PATHS = "$(inherited) @executable_path/Frameworks";
				MTL_ENABLE_DEBUG_INFO = YES;
				ONLY_ACTIVE_ARCH = YES;
				PRODUCT_BUNDLE_IDENTIFIER = cz.ackee.ReactiveLocationExample;
				PRODUCT_NAME = "$(TARGET_NAME)";
				PROVISIONING_PROFILE_SPECIFIER = "";
				SDKROOT = iphoneos;
				SWIFT_ACTIVE_COMPILATION_CONDITIONS = DEBUG;
				SWIFT_OPTIMIZATION_LEVEL = "-Onone";
				SWIFT_VERSION = 4.0;
				TARGETED_DEVICE_FAMILY = "1,2";
			};
			name = Debug;
		};
		69F73EBC1FF43CD500E2DD85 /* Release */ = {
			isa = XCBuildConfiguration;
			buildSettings = {
				ALWAYS_EMBED_SWIFT_STANDARD_LIBRARIES = YES;
				ALWAYS_SEARCH_USER_PATHS = NO;
				ASSETCATALOG_COMPILER_APPICON_NAME = AppIcon;
				CLANG_ANALYZER_NONNULL = YES;
				CLANG_ANALYZER_NUMBER_OBJECT_CONVERSION = YES_AGGRESSIVE;
				CLANG_CXX_LANGUAGE_STANDARD = "gnu++14";
				CLANG_CXX_LIBRARY = "libc++";
				CLANG_ENABLE_MODULES = YES;
				CLANG_ENABLE_OBJC_ARC = YES;
				CLANG_WARN_BLOCK_CAPTURE_AUTORELEASING = YES;
				CLANG_WARN_BOOL_CONVERSION = YES;
				CLANG_WARN_COMMA = YES;
				CLANG_WARN_CONSTANT_CONVERSION = YES;
				CLANG_WARN_DIRECT_OBJC_ISA_USAGE = YES_ERROR;
				CLANG_WARN_DOCUMENTATION_COMMENTS = YES;
				CLANG_WARN_EMPTY_BODY = YES;
				CLANG_WARN_ENUM_CONVERSION = YES;
				CLANG_WARN_INFINITE_RECURSION = YES;
				CLANG_WARN_INT_CONVERSION = YES;
				CLANG_WARN_NON_LITERAL_NULL_CONVERSION = YES;
				CLANG_WARN_OBJC_LITERAL_CONVERSION = YES;
				CLANG_WARN_OBJC_ROOT_CLASS = YES_ERROR;
				CLANG_WARN_RANGE_LOOP_ANALYSIS = YES;
				CLANG_WARN_STRICT_PROTOTYPES = YES;
				CLANG_WARN_SUSPICIOUS_MOVE = YES;
				CLANG_WARN_UNGUARDED_AVAILABILITY = YES_AGGRESSIVE;
				CLANG_WARN_UNREACHABLE_CODE = YES;
				CLANG_WARN__DUPLICATE_METHOD_MATCH = YES;
				CODE_SIGN_IDENTITY = "iPhone Developer";
				CODE_SIGN_STYLE = Manual;
				COPY_PHASE_STRIP = NO;
				DEBUG_INFORMATION_FORMAT = "dwarf-with-dsym";
				DEVELOPMENT_TEAM = "";
				ENABLE_NS_ASSERTIONS = NO;
				ENABLE_STRICT_OBJC_MSGSEND = YES;
				GCC_C_LANGUAGE_STANDARD = gnu11;
				GCC_NO_COMMON_BLOCKS = YES;
				GCC_WARN_64_TO_32_BIT_CONVERSION = YES;
				GCC_WARN_ABOUT_RETURN_TYPE = YES_ERROR;
				GCC_WARN_UNDECLARED_SELECTOR = YES;
				GCC_WARN_UNINITIALIZED_AUTOS = YES_AGGRESSIVE;
				GCC_WARN_UNUSED_FUNCTION = YES;
				GCC_WARN_UNUSED_VARIABLE = YES;
				INFOPLIST_FILE = ReactiveLocationExample/Info.plist;
				IPHONEOS_DEPLOYMENT_TARGET = 11.2;
				LD_RUNPATH_SEARCH_PATHS = "$(inherited) @executable_path/Frameworks";
				MTL_ENABLE_DEBUG_INFO = NO;
				PRODUCT_BUNDLE_IDENTIFIER = cz.ackee.ReactiveLocationExample;
				PRODUCT_NAME = "$(TARGET_NAME)";
				PROVISIONING_PROFILE_SPECIFIER = "";
				SDKROOT = iphoneos;
				SWIFT_OPTIMIZATION_LEVEL = "-Owholemodule";
				SWIFT_VERSION = 4.0;
				TARGETED_DEVICE_FAMILY = "1,2";
				VALIDATE_PRODUCT = YES;
			};
			name = Release;
		};
/* End XCBuildConfiguration section */

/* Begin XCConfigurationList section */
		699676151FF43C7000986B37 /* Build configuration list for PBXProject "ReactiveLocation" */ = {
			isa = XCConfigurationList;
			buildConfigurations = (
				699676161FF43C7000986B37 /* Debug */,
				699676171FF43C7000986B37 /* Release */,
			);
			defaultConfigurationIsVisible = 0;
			defaultConfigurationName = Release;
		};
		69F73EA51FF43CC200E2DD85 /* Build configuration list for PBXNativeTarget "ReactiveLocation" */ = {
			isa = XCConfigurationList;
			buildConfigurations = (
				69F73EA11FF43CC200E2DD85 /* Debug */,
				69F73EA21FF43CC200E2DD85 /* Release */,
			);
			defaultConfigurationIsVisible = 0;
			defaultConfigurationName = Release;
		};
		69F73EA61FF43CC200E2DD85 /* Build configuration list for PBXNativeTarget "ReactiveLocationTests" */ = {
			isa = XCConfigurationList;
			buildConfigurations = (
				69F73EA31FF43CC200E2DD85 /* Debug */,
				69F73EA41FF43CC200E2DD85 /* Release */,
			);
			defaultConfigurationIsVisible = 0;
			defaultConfigurationName = Release;
		};
		69F73EBA1FF43CD500E2DD85 /* Build configuration list for PBXNativeTarget "ReactiveLocationExample" */ = {
			isa = XCConfigurationList;
			buildConfigurations = (
				69F73EBB1FF43CD500E2DD85 /* Debug */,
				69F73EBC1FF43CD500E2DD85 /* Release */,
			);
			defaultConfigurationIsVisible = 0;
			defaultConfigurationName = Release;
		};
/* End XCConfigurationList section */
	};
	rootObject = 699676121FF43C7000986B37 /* Project object */;
}
